
Microsoft Visual Studio Solution File, Format Version 12.00
# Visual Studio Version 17
VisualStudioVersion = 17.7.34221.43
MinimumVisualStudioVersion = 10.0.40219.1
Project("{8BC9CEB8-8B4A-11D0-8D11-00A0C91BC942}") = "Sort", "Sort\Sort.vcxproj", "{32B69A9B-C6C6-4813-BA21-03D45DB58696}"
EndProject
Project("{8BC9CEB8-8B4A-11D0-8D11-00A0C91BC942}") = "Direct insertion sort", "Direct insertion sort\Direct insertion sort.vcxproj", "{7E283D0F-9AA5-4176-99B8-E25AA3C53110}"
EndProject
Project("{8BC9CEB8-8B4A-11D0-8D11-00A0C91BC942}") = "Exchange sort", "Exchange sort\Exchange sort.vcxproj", "{E2E91BF6-E74E-4B05-B78B-27596B2C9014}"
EndProject
Global
	GlobalSection(SolutionConfigurationPlatforms) = preSolution
		Debug|x64 = Debug|x64
		Debug|x86 = Debug|x86
		Release|x64 = Release|x64
		Release|x86 = Release|x86
	EndGlobalSection
	GlobalSection(ProjectConfigurationPlatforms) = postSolution
		{32B69A9B-C6C6-4813-BA21-03D45DB58696}.Debug|x64.ActiveCfg = Debug|x64
		{32B69A9B-C6C6-4813-BA21-03D45DB58696}.Debug|x64.Build.0 = Debug|x64
		{32B69A9B-C6C6-4813-BA21-03D45DB58696}.Debug|x86.ActiveCfg = Debug|Win32
		{32B69A9B-C6C6-4813-BA21-03D45DB58696}.Debug|x86.Build.0 = Debug|Win32
		{32B69A9B-C6C6-4813-BA21-03D45DB58696}.Release|x64.ActiveCfg = Release|x64
		{32B69A9B-C6C6-4813-BA21-03D45DB58696}.Release|x64.Build.0 = Release|x64
		{32B69A9B-C6C6-4813-BA21-03D45DB58696}.Release|x86.ActiveCfg = Release|Win32
		{32B69A9B-C6C6-4813-BA21-03D45DB58696}.Release|x86.Build.0 = Release|Win32
		{7E283D0F-9AA5-4176-99B8-E25AA3C53110}.Debug|x64.ActiveCfg = Debug|x64
		{7E283D0F-9AA5-4176-99B8-E25AA3C53110}.Debug|x64.Build.0 = Debug|x64
		{7E283D0F-9AA5-4176-99B8-E25AA3C53110}.Debug|x86.ActiveCfg = Debug|Win32
		{7E283D0F-9AA5-4176-99B8-E25AA3C53110}.Debug|x86.Build.0 = Debug|Win32
		{7E283D0F-9AA5-4176-99B8-E25AA3C53110}.Release|x64.ActiveCfg = Release|x64
		{7E283D0F-9AA5-4176-99B8-E25AA3C53110}.Release|x64.Build.0 = Release|x64
		{7E283D0F-9AA5-4176-99B8-E25AA3C53110}.Release|x86.ActiveCfg = Release|Win32
		{7E283D0F-9AA5-4176-99B8-E25AA3C53110}.Release|x86.Build.0 = Release|Win32
		{E2E91BF6-E74E-4B05-B78B-27596B2C9014}.Debug|x64.ActiveCfg = Debug|x64
		{E2E91BF6-E74E-4B05-B78B-27596B2C9014}.Debug|x64.Build.0 = Debug|x64
		{E2E91BF6-E74E-4B05-B78B-27596B2C9014}.Debug|x86.ActiveCfg = Debug|Win32
		{E2E91BF6-E74E-4B05-B78B-27596B2C9014}.Debug|x86.Build.0 = Debug|Win32
		{E2E91BF6-E74E-4B05-B78B-27596B2C9014}.Release|x64.ActiveCfg = Release|x64
		{E2E91BF6-E74E-4B05-B78B-27596B2C9014}.Release|x64.Build.0 = Release|x64
		{E2E91BF6-E74E-4B05-B78B-27596B2C9014}.Release|x86.ActiveCfg = Release|Win32
		{E2E91BF6-E74E-4B05-B78B-27596B2C9014}.Release|x86.Build.0 = Release|Win32
	EndGlobalSection
	GlobalSection(SolutionProperties) = preSolution
		HideSolutionNode = FALSE
	EndGlobalSection
	GlobalSection(ExtensibilityGlobals) = postSolution
		SolutionGuid = {D3F3C507-BA04-4AEC-B10D-7192A7D9A54C}
	EndGlobalSection
EndGlobal
